uuid: 7c627c06-6593-4937-b6ba-2bde9e32391c
langcode: en
status: true
dependencies:
  content:
    - 'block_content:social_link:866eabd4-40c9-427c-a306-4043bf45a377'
  module:
    - block_content
  theme:
    - olivero
id: olivero_linkblock
theme: olivero
region: header
weight: 0
provider: null
plugin: 'block_content:866eabd4-40c9-427c-a306-4043bf45a377'
settings:
  id: 'block_content:866eabd4-40c9-427c-a306-4043bf45a377'
  label: 'Link block'
  label_display: '0'
  provider: block_content
  status: true
  info: ''
  view_mode: full
visibility: {  }
