uuid: 543810f2-3f05-4b1f-b0d4-9cc52324794f
langcode: en
status: false
dependencies:
  theme:
    - claro
_core:
  default_config_hash: XiArLIuaE7CCiAHnExhiG9sl-8HnuFqtsvpEicV_hQc
id: custom_weather_block
theme: claro
region: ''
weight: 0
provider: weather
plugin: weather_block
settings:
  id: broken
  label: ''
  label_display: visible
  provider: core
visibility: {  }
