uuid: 8649c941-1063-4737-986e-2786017206bb
langcode: en
status: true
dependencies:
  content:
    - 'block_content:social_link:866eabd4-40c9-427c-a306-4043bf45a377'
  module:
    - block_content
  theme:
    - ts_theme
id: ts_theme_linkblock
theme: ts_theme
region: header_top
weight: -7
provider: null
plugin: 'block_content:866eabd4-40c9-427c-a306-4043bf45a377'
settings:
  id: 'block_content:866eabd4-40c9-427c-a306-4043bf45a377'
  label: 'Link block'
  label_display: '0'
  provider: block_content
  status: true
  info: ''
  view_mode: full
visibility: {  }
