uuid: f93127b2-27c7-40d3-9c35-1de57ea83566
langcode: en
status: true
dependencies:
  content:
    - 'block_content:info_taxonomy:cedc4785-63c2-4464-955b-970db414ea52'
  module:
    - block_content
  theme:
    - ts_theme
id: ts_theme_headerinfoblock
theme: ts_theme
region: header_top
weight: -8
provider: null
plugin: 'block_content:cedc4785-63c2-4464-955b-970db414ea52'
settings:
  id: 'block_content:cedc4785-63c2-4464-955b-970db414ea52'
  label: 'Header info block'
  label_display: '0'
  provider: block_content
  status: true
  info: ''
  view_mode: full
visibility: {  }
